
Microsoft Visual Studio Solution File, Format Version 12.00
# Visual Studio Version 17
VisualStudioVersion = 17.7.34024.191
MinimumVisualStudioVersion = 10.0.40219.1
Project("{FAE04EC0-301F-11D3-BF4B-00C04F79EFBC}") = "AirlineFlightApp", "AirlineFlightApp\AirlineFlightApp.csproj", "{416F6AC9-B155-49DD-A470-30F5786B2322}"
EndProject
Global
	GlobalSection(SolutionConfigurationPlatforms) = preSolution
		Debug|Any CPU = Debug|Any CPU
		Release|Any CPU = Release|Any CPU
	EndGlobalSection
	GlobalSection(ProjectConfigurationPlatforms) = postSolution
		{416F6AC9-B155-49DD-A470-30F5786B2322}.Debug|Any CPU.ActiveCfg = Debug|Any CPU
		{416F6AC9-B155-49DD-A470-30F5786B2322}.Debug|Any CPU.Build.0 = Debug|Any CPU
		{416F6AC9-B155-49DD-A470-30F5786B2322}.Release|Any CPU.ActiveCfg = Release|Any CPU
		{416F6AC9-B155-49DD-A470-30F5786B2322}.Release|Any CPU.Build.0 = Release|Any CPU
	EndGlobalSection
	GlobalSection(SolutionProperties) = preSolution
		HideSolutionNode = FALSE
	EndGlobalSection
	GlobalSection(ExtensibilityGlobals) = postSolution
		SolutionGuid = {B8C4FAC1-BBFF-4341-8778-02315929F6CD}
	EndGlobalSection
EndGlobal
